
Microsoft Visual Studio Solution File, Format Version 12.00
# Visual Studio Version 17
VisualStudioVersion = 17.4.33213.308
MinimumVisualStudioVersion = 10.0.40219.1
Project("{FAE04EC0-301F-11D3-BF4B-00C04F79EFBC}") = "MethodsInCSharp", "MethodsInCSharp\MethodsInCSharp.csproj", "{6857F2D5-468D-4D6F-AFB1-BD89DD411844}"
EndProject
Global
	GlobalSection(SolutionConfigurationPlatforms) = preSolution
		Debug|Any CPU = Debug|Any CPU
		Release|Any CPU = Release|Any CPU
	EndGlobalSection
	GlobalSection(ProjectConfigurationPlatforms) = postSolution
		{6857F2D5-468D-4D6F-AFB1-BD89DD411844}.Debug|Any CPU.ActiveCfg = Debug|Any CPU
		{6857F2D5-468D-4D6F-AFB1-BD89DD411844}.Debug|Any CPU.Build.0 = Debug|Any CPU
		{6857F2D5-468D-4D6F-AFB1-BD89DD411844}.Release|Any CPU.ActiveCfg = Release|Any CPU
		{6857F2D5-468D-4D6F-AFB1-BD89DD411844}.Release|Any CPU.Build.0 = Release|Any CPU
	EndGlobalSection
	GlobalSection(SolutionProperties) = preSolution
		HideSolutionNode = FALSE
	EndGlobalSection
	GlobalSection(ExtensibilityGlobals) = postSolution
		SolutionGuid = {01C55605-F321-4E39-ABB1-3B40AA4A0683}
	EndGlobalSection
EndGlobal
